
Microsoft Visual Studio Solution File, Format Version 12.00
# Visual Studio Version 17
VisualStudioVersion = 17.7.34031.279
MinimumVisualStudioVersion = 10.0.40219.1
Project("{FAE04EC0-301F-11D3-BF4B-00C04F79EFBC}") = "RibbonItemToolTipSample", "RibbonItemToolTipSample\RibbonItemToolTipSample.csproj", "{78FCA769-84EB-4618-8415-88BB1E5049BB}"
EndProject
Global
	GlobalSection(SolutionConfigurationPlatforms) = preSolution
		Debug|Any CPU = Debug|Any CPU
		Release|Any CPU = Release|Any CPU
	EndGlobalSection
	GlobalSection(ProjectConfigurationPlatforms) = postSolution
		{78FCA769-84EB-4618-8415-88BB1E5049BB}.Debug|Any CPU.ActiveCfg = Debug|Any CPU
		{78FCA769-84EB-4618-8415-88BB1E5049BB}.Debug|Any CPU.Build.0 = Debug|Any CPU
		{78FCA769-84EB-4618-8415-88BB1E5049BB}.Release|Any CPU.ActiveCfg = Release|Any CPU
		{78FCA769-84EB-4618-8415-88BB1E5049BB}.Release|Any CPU.Build.0 = Release|Any CPU
	EndGlobalSection
	GlobalSection(SolutionProperties) = preSolution
		HideSolutionNode = FALSE
	EndGlobalSection
	GlobalSection(ExtensibilityGlobals) = postSolution
		SolutionGuid = {26D788F8-A30B-41D5-9DE0-4A33F3DDD0E6}
	EndGlobalSection
EndGlobal
